// !$*UTF8*$!
{
	archiveVersion = 1;
	classes = {
	};
	objectVersion = 56;
	objects = {

/* Begin PBXBuildFile section */
		032887EA3C1F44D8F6B8149B /* Pods_ToDoList.framework in Frameworks */ = {isa = PBXBuildFile; fileRef = FFEB22A93614D15EC6DD0EB2 /* Pods_ToDoList.framework */; };
		8EAB2FDDCA49447A22D79642 /* Pods_ToDoListTests.framework in Frameworks */ = {isa = PBXBuildFile; fileRef = D19F34399C557176381B2DB3 /* Pods_ToDoListTests.framework */; };
		B50CED4D2A582F1F00F12621 /* FileCaheModel.swift in Sources */ = {isa = PBXBuildFile; fileRef = B50CED4C2A582F1F00F12621 /* FileCaheModel.swift */; };
		B53A737C2A4FB1DD00FC8EAF /* AnimationPresenter.swift in Sources */ = {isa = PBXBuildFile; fileRef = B53A737B2A4FB1DD00FC8EAF /* AnimationPresenter.swift */; };
		B53DDBB72A54B05800D9F615 /* Extension+URLSession.swift in Sources */ = {isa = PBXBuildFile; fileRef = B53DDBB62A54B05800D9F615 /* Extension+URLSession.swift */; };
		B5604CC72A4DB0590068B3BD /* isDoneCircleControl.swift in Sources */ = {isa = PBXBuildFile; fileRef = B5604CC62A4DB0590068B3BD /* isDoneCircleControl.swift */; };
		B561433A2A460D030041AE45 /* DividedLineView.swift in Sources */ = {isa = PBXBuildFile; fileRef = B56143392A460D030041AE45 /* DividedLineView.swift */; };
		B579860F2A4998A100FD742F /* TodoListViewController.swift in Sources */ = {isa = PBXBuildFile; fileRef = B579860E2A4998A100FD742F /* TodoListViewController.swift */; };
		B57986112A49BBCE00FD742F /* TodoListTableViewCell.swift in Sources */ = {isa = PBXBuildFile; fileRef = B57986102A49BBCE00FD742F /* TodoListTableViewCell.swift */; };
		B57986132A4D6BD000FD742F /* AddNewItemView.swift in Sources */ = {isa = PBXBuildFile; fileRef = B57986122A4D6BD000FD742F /* AddNewItemView.swift */; };
		B57986152A4D724E00FD742F /* HeaderForTodoListTableView.swift in Sources */ = {isa = PBXBuildFile; fileRef = B57986142A4D724E00FD742F /* HeaderForTodoListTableView.swift */; };
		B57B7A9B2A4F591600777D3B /* FileCache in Frameworks */ = {isa = PBXBuildFile; productRef = B57B7A9A2A4F591600777D3B /* FileCache */; };
		B58189A52A42244E0047289F /* TextView.swift in Sources */ = {isa = PBXBuildFile; fileRef = B58189A42A42244E0047289F /* TextView.swift */; };
		B58189A82A423AA10047289F /* ImportanceView.swift in Sources */ = {isa = PBXBuildFile; fileRef = B58189A72A423AA00047289F /* ImportanceView.swift */; };
		B58189AC2A42AB810047289F /* Extension+Int.swift in Sources */ = {isa = PBXBuildFile; fileRef = B58189AB2A42AB810047289F /* Extension+Int.swift */; };
		B58189AE2A42ABAD0047289F /* Extension+Date.swift in Sources */ = {isa = PBXBuildFile; fileRef = B58189AD2A42ABAD0047289F /* Extension+Date.swift */; };
		B58189B52A42B84D0047289F /* DeadlineView.swift in Sources */ = {isa = PBXBuildFile; fileRef = B58189B42A42B84D0047289F /* DeadlineView.swift */; };
		B58189B92A4301850047289F /* Extension+Color.swift in Sources */ = {isa = PBXBuildFile; fileRef = B58189B82A4301850047289F /* Extension+Color.swift */; };
		B58189BB2A4305EB0047289F /* Extension+Font.swift in Sources */ = {isa = PBXBuildFile; fileRef = B58189BA2A4305EB0047289F /* Extension+Font.swift */; };
		B58189BF2A439BFC0047289F /* ConstantsText.swift in Sources */ = {isa = PBXBuildFile; fileRef = B58189BE2A439BFC0047289F /* ConstantsText.swift */; };
		B5A46F332A61FA2E0015BF11 /* FileCacheProtocol.swift in Sources */ = {isa = PBXBuildFile; fileRef = B5A46F322A61FA2E0015BF11 /* FileCacheProtocol.swift */; };
		B5A9374D2A5F00040055724C /* FileCacheSQLite.swift in Sources */ = {isa = PBXBuildFile; fileRef = B5A9374C2A5F00040055724C /* FileCacheSQLite.swift */; };
		B5A9374F2A5F035E0055724C /* FileCacheSQLiteService.swift in Sources */ = {isa = PBXBuildFile; fileRef = B5A9374E2A5F035E0055724C /* FileCacheSQLiteService.swift */; };
		B5A937522A60A07B0055724C /* TodoItemModel.xcdatamodeld in Sources */ = {isa = PBXBuildFile; fileRef = B5A937502A60A07B0055724C /* TodoItemModel.xcdatamodeld */; };
		B5A937562A60A8C30055724C /* CoreDataContainer.swift in Sources */ = {isa = PBXBuildFile; fileRef = B5A937552A60A8C30055724C /* CoreDataContainer.swift */; };
		B5A937682A616EC30055724C /* TodoItemEntity+CoreDataClass.swift in Sources */ = {isa = PBXBuildFile; fileRef = B5A937662A616EC30055724C /* TodoItemEntity+CoreDataClass.swift */; };
		B5A937692A616EC30055724C /* TodoItemEntity+CoreDataProperties.swift in Sources */ = {isa = PBXBuildFile; fileRef = B5A937672A616EC30055724C /* TodoItemEntity+CoreDataProperties.swift */; };
		B5A9376B2A6170710055724C /* FileCacheCoreData.swift in Sources */ = {isa = PBXBuildFile; fileRef = B5A9376A2A6170710055724C /* FileCacheCoreData.swift */; };
		B5AC0F552A35FB5A00B1FE5A /* AppDelegate.swift in Sources */ = {isa = PBXBuildFile; fileRef = B5AC0F542A35FB5A00B1FE5A /* AppDelegate.swift */; };
		B5AC0F572A35FB5A00B1FE5A /* SceneDelegate.swift in Sources */ = {isa = PBXBuildFile; fileRef = B5AC0F562A35FB5A00B1FE5A /* SceneDelegate.swift */; };
		B5AC0F592A35FB5A00B1FE5A /* DetailViewController.swift in Sources */ = {isa = PBXBuildFile; fileRef = B5AC0F582A35FB5A00B1FE5A /* DetailViewController.swift */; };
		B5AC0F5E2A35FB5B00B1FE5A /* Assets.xcassets in Resources */ = {isa = PBXBuildFile; fileRef = B5AC0F5D2A35FB5B00B1FE5A /* Assets.xcassets */; };
		B5AC0F612A35FB5B00B1FE5A /* LaunchScreen.storyboard in Resources */ = {isa = PBXBuildFile; fileRef = B5AC0F5F2A35FB5B00B1FE5A /* LaunchScreen.storyboard */; };
		B5AC0F6C2A35FB5B00B1FE5A /* ToDoListTests.swift in Sources */ = {isa = PBXBuildFile; fileRef = B5AC0F6B2A35FB5B00B1FE5A /* ToDoListTests.swift */; };
		B5AC0F762A35FB5B00B1FE5A /* ToDoListUITests.swift in Sources */ = {isa = PBXBuildFile; fileRef = B5AC0F752A35FB5B00B1FE5A /* ToDoListUITests.swift */; };
		B5AC0F782A35FB5B00B1FE5A /* ToDoListUITestsLaunchTests.swift in Sources */ = {isa = PBXBuildFile; fileRef = B5AC0F772A35FB5B00B1FE5A /* ToDoListUITestsLaunchTests.swift */; };
		B5AC0F872A35FBCF00B1FE5A /* TodoItem.swift in Sources */ = {isa = PBXBuildFile; fileRef = B5AC0F862A35FBCF00B1FE5A /* TodoItem.swift */; };
		B5BC2CEE2A4F3AA600369129 /* CocoaLumberjack in Frameworks */ = {isa = PBXBuildFile; productRef = B5BC2CED2A4F3AA600369129 /* CocoaLumberjack */; };
		B5BC2CF02A4F3AA600369129 /* CocoaLumberjackSwift in Frameworks */ = {isa = PBXBuildFile; productRef = B5BC2CEF2A4F3AA600369129 /* CocoaLumberjackSwift */; };
		B5DC31AA2A4E091A00FCF5F8 /* TodoListCellViewModel.swift in Sources */ = {isa = PBXBuildFile; fileRef = B5DC31A92A4E091A00FCF5F8 /* TodoListCellViewModel.swift */; };
		B5DC31AD2A4E2B5A00FCF5F8 /* NewTableViewCell.swift in Sources */ = {isa = PBXBuildFile; fileRef = B5DC31AC2A4E2B5A00FCF5F8 /* NewTableViewCell.swift */; };
		B5DC31B02A4EF4FE00FCF5F8 /* TodoItemViewModel.swift in Sources */ = {isa = PBXBuildFile; fileRef = B5DC31AF2A4EF4FE00FCF5F8 /* TodoItemViewModel.swift */; };
		FE6C00623F41893462597D0C /* Pods_ToDoList_ToDoListUITests.framework in Frameworks */ = {isa = PBXBuildFile; fileRef = 1F1F6F190E40C172B8F8FCB7 /* Pods_ToDoList_ToDoListUITests.framework */; };
/* End PBXBuildFile section */

/* Begin PBXContainerItemProxy section */
		B5AC0F682A35FB5B00B1FE5A /* PBXContainerItemProxy */ = {
			isa = PBXContainerItemProxy;
			containerPortal = B5AC0F492A35FB5A00B1FE5A /* Project object */;
			proxyType = 1;
			remoteGlobalIDString = B5AC0F502A35FB5A00B1FE5A;
			remoteInfo = ToDoList;
		};
		B5AC0F722A35FB5B00B1FE5A /* PBXContainerItemProxy */ = {
			isa = PBXContainerItemProxy;
			containerPortal = B5AC0F492A35FB5A00B1FE5A /* Project object */;
			proxyType = 1;
			remoteGlobalIDString = B5AC0F502A35FB5A00B1FE5A;
			remoteInfo = ToDoList;
		};
/* End PBXContainerItemProxy section */

/* Begin PBXFileReference section */
		0F4FFB3AED49CA609C78BABE /* Pods-ToDoList.release.xcconfig */ = {isa = PBXFileReference; includeInIndex = 1; lastKnownFileType = text.xcconfig; name = "Pods-ToDoList.release.xcconfig"; path = "Target Support Files/Pods-ToDoList/Pods-ToDoList.release.xcconfig"; sourceTree = "<group>"; };
		17E44369BE41DE15B7F9841A /* Pods-ToDoList.debug.xcconfig */ = {isa = PBXFileReference; includeInIndex = 1; lastKnownFileType = text.xcconfig; name = "Pods-ToDoList.debug.xcconfig"; path = "Target Support Files/Pods-ToDoList/Pods-ToDoList.debug.xcconfig"; sourceTree = "<group>"; };
		1F1F6F190E40C172B8F8FCB7 /* Pods_ToDoList_ToDoListUITests.framework */ = {isa = PBXFileReference; explicitFileType = wrapper.framework; includeInIndex = 0; path = Pods_ToDoList_ToDoListUITests.framework; sourceTree = BUILT_PRODUCTS_DIR; };
		38BF8B8259B9E333C0561F1D /* Pods-ToDoListTests.debug.xcconfig */ = {isa = PBXFileReference; includeInIndex = 1; lastKnownFileType = text.xcconfig; name = "Pods-ToDoListTests.debug.xcconfig"; path = "Target Support Files/Pods-ToDoListTests/Pods-ToDoListTests.debug.xcconfig"; sourceTree = "<group>"; };
		55AD431FA25387F1165CC658 /* Pods-ToDoList-ToDoListUITests.release.xcconfig */ = {isa = PBXFileReference; includeInIndex = 1; lastKnownFileType = text.xcconfig; name = "Pods-ToDoList-ToDoListUITests.release.xcconfig"; path = "Target Support Files/Pods-ToDoList-ToDoListUITests/Pods-ToDoList-ToDoListUITests.release.xcconfig"; sourceTree = "<group>"; };
		8CD3A1B3F7BEAC2C5DDCBE98 /* Pods-ToDoListTests.release.xcconfig */ = {isa = PBXFileReference; includeInIndex = 1; lastKnownFileType = text.xcconfig; name = "Pods-ToDoListTests.release.xcconfig"; path = "Target Support Files/Pods-ToDoListTests/Pods-ToDoListTests.release.xcconfig"; sourceTree = "<group>"; };
		ADDF1502E34F37EABCDED9AD /* Pods-ToDoList-ToDoListUITests.debug.xcconfig */ = {isa = PBXFileReference; includeInIndex = 1; lastKnownFileType = text.xcconfig; name = "Pods-ToDoList-ToDoListUITests.debug.xcconfig"; path = "Target Support Files/Pods-ToDoList-ToDoListUITests/Pods-ToDoList-ToDoListUITests.debug.xcconfig"; sourceTree = "<group>"; };
		B50CED4C2A582F1F00F12621 /* FileCaheModel.swift */ = {isa = PBXFileReference; lastKnownFileType = sourcecode.swift; path = FileCaheModel.swift; sourceTree = "<group>"; };
		B53A737B2A4FB1DD00FC8EAF /* AnimationPresenter.swift */ = {isa = PBXFileReference; fileEncoding = 4; lastKnownFileType = sourcecode.swift; path = AnimationPresenter.swift; sourceTree = "<group>"; };
		B53DDBB62A54B05800D9F615 /* Extension+URLSession.swift */ = {isa = PBXFileReference; lastKnownFileType = sourcecode.swift; path = "Extension+URLSession.swift"; sourceTree = "<group>"; };
		B5604CC62A4DB0590068B3BD /* isDoneCircleControl.swift */ = {isa = PBXFileReference; lastKnownFileType = sourcecode.swift; path = isDoneCircleControl.swift; sourceTree = "<group>"; };
		B56143392A460D030041AE45 /* DividedLineView.swift */ = {isa = PBXFileReference; lastKnownFileType = sourcecode.swift; path = DividedLineView.swift; sourceTree = "<group>"; };
		B579860E2A4998A100FD742F /* TodoListViewController.swift */ = {isa = PBXFileReference; lastKnownFileType = sourcecode.swift; path = TodoListViewController.swift; sourceTree = "<group>"; };
		B57986102A49BBCE00FD742F /* TodoListTableViewCell.swift */ = {isa = PBXFileReference; lastKnownFileType = sourcecode.swift; path = TodoListTableViewCell.swift; sourceTree = "<group>"; };
		B57986122A4D6BD000FD742F /* AddNewItemView.swift */ = {isa = PBXFileReference; lastKnownFileType = sourcecode.swift; path = AddNewItemView.swift; sourceTree = "<group>"; };
		B57986142A4D724E00FD742F /* HeaderForTodoListTableView.swift */ = {isa = PBXFileReference; lastKnownFileType = sourcecode.swift; path = HeaderForTodoListTableView.swift; sourceTree = "<group>"; };
		B57B7A992A4F590A00777D3B /* FileCache */ = {isa = PBXFileReference; lastKnownFileType = wrapper; path = FileCache; sourceTree = "<group>"; };
		B58189A42A42244E0047289F /* TextView.swift */ = {isa = PBXFileReference; lastKnownFileType = sourcecode.swift; path = TextView.swift; sourceTree = "<group>"; };
		B58189A72A423AA00047289F /* ImportanceView.swift */ = {isa = PBXFileReference; lastKnownFileType = sourcecode.swift; path = ImportanceView.swift; sourceTree = "<group>"; };
		B58189AB2A42AB810047289F /* Extension+Int.swift */ = {isa = PBXFileReference; lastKnownFileType = sourcecode.swift; path = "Extension+Int.swift"; sourceTree = "<group>"; };
		B58189AD2A42ABAD0047289F /* Extension+Date.swift */ = {isa = PBXFileReference; lastKnownFileType = sourcecode.swift; path = "Extension+Date.swift"; sourceTree = "<group>"; };
		B58189B42A42B84D0047289F /* DeadlineView.swift */ = {isa = PBXFileReference; lastKnownFileType = sourcecode.swift; path = DeadlineView.swift; sourceTree = "<group>"; };
		B58189B82A4301850047289F /* Extension+Color.swift */ = {isa = PBXFileReference; lastKnownFileType = sourcecode.swift; path = "Extension+Color.swift"; sourceTree = "<group>"; };
		B58189BA2A4305EB0047289F /* Extension+Font.swift */ = {isa = PBXFileReference; lastKnownFileType = sourcecode.swift; path = "Extension+Font.swift"; sourceTree = "<group>"; };
		B58189BE2A439BFC0047289F /* ConstantsText.swift */ = {isa = PBXFileReference; lastKnownFileType = sourcecode.swift; path = ConstantsText.swift; sourceTree = "<group>"; };
		B5A46F322A61FA2E0015BF11 /* FileCacheProtocol.swift */ = {isa = PBXFileReference; fileEncoding = 4; lastKnownFileType = sourcecode.swift; path = FileCacheProtocol.swift; sourceTree = "<group>"; };
		B5A9374C2A5F00040055724C /* FileCacheSQLite.swift */ = {isa = PBXFileReference; lastKnownFileType = sourcecode.swift; path = FileCacheSQLite.swift; sourceTree = "<group>"; };
		B5A9374E2A5F035E0055724C /* FileCacheSQLiteService.swift */ = {isa = PBXFileReference; lastKnownFileType = sourcecode.swift; path = FileCacheSQLiteService.swift; sourceTree = "<group>"; };
		B5A937512A60A07B0055724C /* TodoItemModel.xcdatamodel */ = {isa = PBXFileReference; lastKnownFileType = wrapper.xcdatamodel; path = TodoItemModel.xcdatamodel; sourceTree = "<group>"; };
		B5A937552A60A8C30055724C /* CoreDataContainer.swift */ = {isa = PBXFileReference; lastKnownFileType = sourcecode.swift; path = CoreDataContainer.swift; sourceTree = "<group>"; };
		B5A937662A616EC30055724C /* TodoItemEntity+CoreDataClass.swift */ = {isa = PBXFileReference; lastKnownFileType = sourcecode.swift; path = "TodoItemEntity+CoreDataClass.swift"; sourceTree = "<group>"; };
		B5A937672A616EC30055724C /* TodoItemEntity+CoreDataProperties.swift */ = {isa = PBXFileReference; lastKnownFileType = sourcecode.swift; path = "TodoItemEntity+CoreDataProperties.swift"; sourceTree = "<group>"; };
		B5A9376A2A6170710055724C /* FileCacheCoreData.swift */ = {isa = PBXFileReference; lastKnownFileType = sourcecode.swift; path = FileCacheCoreData.swift; sourceTree = "<group>"; };
		B5AC0F512A35FB5A00B1FE5A /* ToDoList.app */ = {isa = PBXFileReference; explicitFileType = wrapper.application; includeInIndex = 0; path = ToDoList.app; sourceTree = BUILT_PRODUCTS_DIR; };
		B5AC0F542A35FB5A00B1FE5A /* AppDelegate.swift */ = {isa = PBXFileReference; lastKnownFileType = sourcecode.swift; path = AppDelegate.swift; sourceTree = "<group>"; };
		B5AC0F562A35FB5A00B1FE5A /* SceneDelegate.swift */ = {isa = PBXFileReference; lastKnownFileType = sourcecode.swift; path = SceneDelegate.swift; sourceTree = "<group>"; };
		B5AC0F582A35FB5A00B1FE5A /* DetailViewController.swift */ = {isa = PBXFileReference; lastKnownFileType = sourcecode.swift; path = DetailViewController.swift; sourceTree = "<group>"; };
		B5AC0F5D2A35FB5B00B1FE5A /* Assets.xcassets */ = {isa = PBXFileReference; lastKnownFileType = folder.assetcatalog; path = Assets.xcassets; sourceTree = "<group>"; };
		B5AC0F602A35FB5B00B1FE5A /* Base */ = {isa = PBXFileReference; lastKnownFileType = file.storyboard; name = Base; path = Base.lproj/LaunchScreen.storyboard; sourceTree = "<group>"; };
		B5AC0F622A35FB5B00B1FE5A /* Info.plist */ = {isa = PBXFileReference; lastKnownFileType = text.plist.xml; path = Info.plist; sourceTree = "<group>"; };
		B5AC0F672A35FB5B00B1FE5A /* ToDoListTests.xctest */ = {isa = PBXFileReference; explicitFileType = wrapper.cfbundle; includeInIndex = 0; path = ToDoListTests.xctest; sourceTree = BUILT_PRODUCTS_DIR; };
		B5AC0F6B2A35FB5B00B1FE5A /* ToDoListTests.swift */ = {isa = PBXFileReference; lastKnownFileType = sourcecode.swift; path = ToDoListTests.swift; sourceTree = "<group>"; };
		B5AC0F712A35FB5B00B1FE5A /* ToDoListUITests.xctest */ = {isa = PBXFileReference; explicitFileType = wrapper.cfbundle; includeInIndex = 0; path = ToDoListUITests.xctest; sourceTree = BUILT_PRODUCTS_DIR; };
		B5AC0F752A35FB5B00B1FE5A /* ToDoListUITests.swift */ = {isa = PBXFileReference; lastKnownFileType = sourcecode.swift; path = ToDoListUITests.swift; sourceTree = "<group>"; };
		B5AC0F772A35FB5B00B1FE5A /* ToDoListUITestsLaunchTests.swift */ = {isa = PBXFileReference; lastKnownFileType = sourcecode.swift; path = ToDoListUITestsLaunchTests.swift; sourceTree = "<group>"; };
		B5AC0F862A35FBCF00B1FE5A /* TodoItem.swift */ = {isa = PBXFileReference; lastKnownFileType = sourcecode.swift; path = TodoItem.swift; sourceTree = "<group>"; };
		B5DC31A92A4E091A00FCF5F8 /* TodoListCellViewModel.swift */ = {isa = PBXFileReference; lastKnownFileType = sourcecode.swift; path = TodoListCellViewModel.swift; sourceTree = "<group>"; };
		B5DC31AC2A4E2B5A00FCF5F8 /* NewTableViewCell.swift */ = {isa = PBXFileReference; lastKnownFileType = sourcecode.swift; path = NewTableViewCell.swift; sourceTree = "<group>"; };
		B5DC31AF2A4EF4FE00FCF5F8 /* TodoItemViewModel.swift */ = {isa = PBXFileReference; fileEncoding = 4; lastKnownFileType = sourcecode.swift; name = TodoItemViewModel.swift; path = ToDoList/Screens/TodoItemViewModel.swift; sourceTree = SOURCE_ROOT; };
		D19F34399C557176381B2DB3 /* Pods_ToDoListTests.framework */ = {isa = PBXFileReference; explicitFileType = wrapper.framework; includeInIndex = 0; path = Pods_ToDoListTests.framework; sourceTree = BUILT_PRODUCTS_DIR; };
		FFEB22A93614D15EC6DD0EB2 /* Pods_ToDoList.framework */ = {isa = PBXFileReference; explicitFileType = wrapper.framework; includeInIndex = 0; path = Pods_ToDoList.framework; sourceTree = BUILT_PRODUCTS_DIR; };
/* End PBXFileReference section */

/* Begin PBXFrameworksBuildPhase section */
		B5AC0F4E2A35FB5A00B1FE5A /* Frameworks */ = {
			isa = PBXFrameworksBuildPhase;
			buildActionMask = 2147483647;
			files = (
				B5BC2CF02A4F3AA600369129 /* CocoaLumberjackSwift in Frameworks */,
				B57B7A9B2A4F591600777D3B /* FileCache in Frameworks */,
				B5BC2CEE2A4F3AA600369129 /* CocoaLumberjack in Frameworks */,
				032887EA3C1F44D8F6B8149B /* Pods_ToDoList.framework in Frameworks */,
			);
			runOnlyForDeploymentPostprocessing = 0;
		};
		B5AC0F642A35FB5B00B1FE5A /* Frameworks */ = {
			isa = PBXFrameworksBuildPhase;
			buildActionMask = 2147483647;
			files = (
				8EAB2FDDCA49447A22D79642 /* Pods_ToDoListTests.framework in Frameworks */,
			);
			runOnlyForDeploymentPostprocessing = 0;
		};
		B5AC0F6E2A35FB5B00B1FE5A /* Frameworks */ = {
			isa = PBXFrameworksBuildPhase;
			buildActionMask = 2147483647;
			files = (
				FE6C00623F41893462597D0C /* Pods_ToDoList_ToDoListUITests.framework in Frameworks */,
			);
			runOnlyForDeploymentPostprocessing = 0;
		};
/* End PBXFrameworksBuildPhase section */

/* Begin PBXGroup section */
		4B1E946CC3A4B3EE33383617 /* Pods */ = {
			isa = PBXGroup;
			children = (
				17E44369BE41DE15B7F9841A /* Pods-ToDoList.debug.xcconfig */,
				0F4FFB3AED49CA609C78BABE /* Pods-ToDoList.release.xcconfig */,
				ADDF1502E34F37EABCDED9AD /* Pods-ToDoList-ToDoListUITests.debug.xcconfig */,
				55AD431FA25387F1165CC658 /* Pods-ToDoList-ToDoListUITests.release.xcconfig */,
				38BF8B8259B9E333C0561F1D /* Pods-ToDoListTests.debug.xcconfig */,
				8CD3A1B3F7BEAC2C5DDCBE98 /* Pods-ToDoListTests.release.xcconfig */,
			);
			path = Pods;
			sourceTree = "<group>";
		};
		60DD4C09EAD49E989B5841F0 /* Frameworks */ = {
			isa = PBXGroup;
			children = (
				FFEB22A93614D15EC6DD0EB2 /* Pods_ToDoList.framework */,
				1F1F6F190E40C172B8F8FCB7 /* Pods_ToDoList_ToDoListUITests.framework */,
				D19F34399C557176381B2DB3 /* Pods_ToDoListTests.framework */,
			);
			name = Frameworks;
			sourceTree = "<group>";
		};
		B50FA1D52A3D786000BCEB1C /* Models */ = {
			isa = PBXGroup;
			children = (
				B5AC0F862A35FBCF00B1FE5A /* TodoItem.swift */,
			);
			path = Models;
			sourceTree = "<group>";
		};
		B50FA1D62A3D787D00BCEB1C /* Services */ = {
			isa = PBXGroup;
			children = (
				B5A46F322A61FA2E0015BF11 /* FileCacheProtocol.swift */,
				B50CED4C2A582F1F00F12621 /* FileCaheModel.swift */,
				B5A9375D2A61659E0055724C /* CoreData */,
				B5A9376C2A6171250055724C /* SQLite */,
			);
			path = Services;
			sourceTree = "<group>";
		};
		B561433B2A4631850041AE45 /* App */ = {
			isa = PBXGroup;
			children = (
				B5AC0F562A35FB5A00B1FE5A /* SceneDelegate.swift */,
				B5AC0F542A35FB5A00B1FE5A /* AppDelegate.swift */,
			);
			path = App;
			sourceTree = "<group>";
		};
		B579860D2A48C3DF00FD742F /* TodoListVC */ = {
			isa = PBXGroup;
			children = (
				B5DC31A92A4E091A00FCF5F8 /* TodoListCellViewModel.swift */,
				B579860E2A4998A100FD742F /* TodoListViewController.swift */,
				B53A737B2A4FB1DD00FC8EAF /* AnimationPresenter.swift */,
				B57986102A49BBCE00FD742F /* TodoListTableViewCell.swift */,
				B5DC31AC2A4E2B5A00FCF5F8 /* NewTableViewCell.swift */,
				B5DC31AB2A4E147D00FCF5F8 /* ComponentsOfTodoListVC */,
			);
			path = TodoListVC;
			sourceTree = "<group>";
		};
		B57B7A982A4F590A00777D3B /* Packages */ = {
			isa = PBXGroup;
			children = (
				B57B7A992A4F590A00777D3B /* FileCache */,
			);
			name = Packages;
			sourceTree = "<group>";
		};
		B58189A32A421E7C0047289F /* Screens */ = {
			isa = PBXGroup;
			children = (
				B579860D2A48C3DF00FD742F /* TodoListVC */,
				B58189C32A4448810047289F /* DetailVC */,
			);
			path = Screens;
			sourceTree = "<group>";
		};
		B58189B32A42AC320047289F /* Extensions */ = {
			isa = PBXGroup;
			children = (
				B58189AB2A42AB810047289F /* Extension+Int.swift */,
				B58189BA2A4305EB0047289F /* Extension+Font.swift */,
				B58189B82A4301850047289F /* Extension+Color.swift */,
				B58189AD2A42ABAD0047289F /* Extension+Date.swift */,
				B53DDBB62A54B05800D9F615 /* Extension+URLSession.swift */,
			);
			path = Extensions;
			sourceTree = "<group>";
		};
		B58189C22A44485F0047289F /* ComponentsOfDetailVC */ = {
			isa = PBXGroup;
			children = (
				B58189A42A42244E0047289F /* TextView.swift */,
				B58189A72A423AA00047289F /* ImportanceView.swift */,
				B58189B42A42B84D0047289F /* DeadlineView.swift */,
				B56143392A460D030041AE45 /* DividedLineView.swift */,
			);
			path = ComponentsOfDetailVC;
			sourceTree = "<group>";
		};
		B58189C32A4448810047289F /* DetailVC */ = {
			isa = PBXGroup;
			children = (
				B5DC31AF2A4EF4FE00FCF5F8 /* TodoItemViewModel.swift */,
				B5AC0F582A35FB5A00B1FE5A /* DetailViewController.swift */,
				B58189C22A44485F0047289F /* ComponentsOfDetailVC */,
			);
			path = DetailVC;
			sourceTree = "<group>";
		};
		B5A9375D2A61659E0055724C /* CoreData */ = {
			isa = PBXGroup;
			children = (
				B5A937662A616EC30055724C /* TodoItemEntity+CoreDataClass.swift */,
				B5A937672A616EC30055724C /* TodoItemEntity+CoreDataProperties.swift */,
				B5A9376A2A6170710055724C /* FileCacheCoreData.swift */,
				B5A937552A60A8C30055724C /* CoreDataContainer.swift */,
			);
			name = CoreData;
			path = ../..;
			sourceTree = "<group>";
		};
		B5A9376C2A6171250055724C /* SQLite */ = {
			isa = PBXGroup;
			children = (
				B5A9374E2A5F035E0055724C /* FileCacheSQLiteService.swift */,
				B5A9374C2A5F00040055724C /* FileCacheSQLite.swift */,
			);
			path = SQLite;
			sourceTree = "<group>";
		};
		B5AC0F482A35FB5A00B1FE5A = {
			isa = PBXGroup;
			children = (
				B5A937502A60A07B0055724C /* TodoItemModel.xcdatamodeld */,
				B57B7A982A4F590A00777D3B /* Packages */,
				B5AC0F532A35FB5A00B1FE5A /* ToDoList */,
				B5AC0F522A35FB5A00B1FE5A /* Products */,
				4B1E946CC3A4B3EE33383617 /* Pods */,
				60DD4C09EAD49E989B5841F0 /* Frameworks */,
			);
			sourceTree = "<group>";
		};
		B5AC0F522A35FB5A00B1FE5A /* Products */ = {
			isa = PBXGroup;
			children = (
				B5AC0F512A35FB5A00B1FE5A /* ToDoList.app */,
				B5AC0F672A35FB5B00B1FE5A /* ToDoListTests.xctest */,
				B5AC0F712A35FB5B00B1FE5A /* ToDoListUITests.xctest */,
			);
			name = Products;
			sourceTree = "<group>";
		};
		B5AC0F532A35FB5A00B1FE5A /* ToDoList */ = {
			isa = PBXGroup;
			children = (
				B5DC31AE2A4E93E400FCF5F8 /* Constants */,
				B561433B2A4631850041AE45 /* App */,
				B58189B32A42AC320047289F /* Extensions */,
				B50FA1D62A3D787D00BCEB1C /* Services */,
				B50FA1D52A3D786000BCEB1C /* Models */,
				B58189A32A421E7C0047289F /* Screens */,
				B5AC0F6A2A35FB5B00B1FE5A /* ToDoListTests */,
				B5AC0F742A35FB5B00B1FE5A /* ToDoListUITests */,
				B5AC0F5D2A35FB5B00B1FE5A /* Assets.xcassets */,
				B5AC0F5F2A35FB5B00B1FE5A /* LaunchScreen.storyboard */,
				B5AC0F622A35FB5B00B1FE5A /* Info.plist */,
			);
			path = ToDoList;
			sourceTree = "<group>";
		};
		B5AC0F6A2A35FB5B00B1FE5A /* ToDoListTests */ = {
			isa = PBXGroup;
			children = (
				B5AC0F6B2A35FB5B00B1FE5A /* ToDoListTests.swift */,
			);
			path = ToDoListTests;
			sourceTree = "<group>";
		};
		B5AC0F742A35FB5B00B1FE5A /* ToDoListUITests */ = {
			isa = PBXGroup;
			children = (
				B5AC0F752A35FB5B00B1FE5A /* ToDoListUITests.swift */,
				B5AC0F772A35FB5B00B1FE5A /* ToDoListUITestsLaunchTests.swift */,
			);
			path = ToDoListUITests;
			sourceTree = "<group>";
		};
		B5DC31AB2A4E147D00FCF5F8 /* ComponentsOfTodoListVC */ = {
			isa = PBXGroup;
			children = (
				B5604CC62A4DB0590068B3BD /* isDoneCircleControl.swift */,
				B57986122A4D6BD000FD742F /* AddNewItemView.swift */,
				B57986142A4D724E00FD742F /* HeaderForTodoListTableView.swift */,
			);
			path = ComponentsOfTodoListVC;
			sourceTree = "<group>";
		};
		B5DC31AE2A4E93E400FCF5F8 /* Constants */ = {
			isa = PBXGroup;
			children = (
				B58189BE2A439BFC0047289F /* ConstantsText.swift */,
			);
			path = Constants;
			sourceTree = "<group>";
		};
/* End PBXGroup section */

/* Begin PBXNativeTarget section */
		B5AC0F502A35FB5A00B1FE5A /* ToDoList */ = {
			isa = PBXNativeTarget;
			buildConfigurationList = B5AC0F7B2A35FB5B00B1FE5A /* Build configuration list for PBXNativeTarget "ToDoList" */;
			buildPhases = (
				577FAE04504ABB9A78EA37DB /* [CP] Check Pods Manifest.lock */,
				B5AC0F4D2A35FB5A00B1FE5A /* Sources */,
				B5AC0F4E2A35FB5A00B1FE5A /* Frameworks */,
				B5AC0F4F2A35FB5A00B1FE5A /* Resources */,
				B57B7A932A4F46BF00777D3B /* ShellScript */,
				B98FE052D4D4ED85C2DAFD6D /* [CP] Embed Pods Frameworks */,
			);
			buildRules = (
			);
			dependencies = (
			);
			name = ToDoList;
			packageProductDependencies = (
				B5BC2CED2A4F3AA600369129 /* CocoaLumberjack */,
				B5BC2CEF2A4F3AA600369129 /* CocoaLumberjackSwift */,
				B57B7A9A2A4F591600777D3B /* FileCache */,
			);
			productName = ToDoList;
			productReference = B5AC0F512A35FB5A00B1FE5A /* ToDoList.app */;
			productType = "com.apple.product-type.application";
		};
		B5AC0F662A35FB5B00B1FE5A /* ToDoListTests */ = {
			isa = PBXNativeTarget;
			buildConfigurationList = B5AC0F7E2A35FB5B00B1FE5A /* Build configuration list for PBXNativeTarget "ToDoListTests" */;
			buildPhases = (
				9BF722B303698275968D6F75 /* [CP] Check Pods Manifest.lock */,
				B5AC0F632A35FB5B00B1FE5A /* Sources */,
				B5AC0F642A35FB5B00B1FE5A /* Frameworks */,
				B5AC0F652A35FB5B00B1FE5A /* Resources */,
			);
			buildRules = (
			);
			dependencies = (
				B5AC0F692A35FB5B00B1FE5A /* PBXTargetDependency */,
			);
			name = ToDoListTests;
			productName = ToDoListTests;
			productReference = B5AC0F672A35FB5B00B1FE5A /* ToDoListTests.xctest */;
			productType = "com.apple.product-type.bundle.unit-test";
		};
		B5AC0F702A35FB5B00B1FE5A /* ToDoListUITests */ = {
			isa = PBXNativeTarget;
			buildConfigurationList = B5AC0F812A35FB5B00B1FE5A /* Build configuration list for PBXNativeTarget "ToDoListUITests" */;
			buildPhases = (
				389894607FED22DC168BE2E3 /* [CP] Check Pods Manifest.lock */,
				B5AC0F6D2A35FB5B00B1FE5A /* Sources */,
				B5AC0F6E2A35FB5B00B1FE5A /* Frameworks */,
				B5AC0F6F2A35FB5B00B1FE5A /* Resources */,
				C319D79437E1C92877B54D04 /* [CP] Embed Pods Frameworks */,
			);
			buildRules = (
			);
			dependencies = (
				B5AC0F732A35FB5B00B1FE5A /* PBXTargetDependency */,
			);
			name = ToDoListUITests;
			productName = ToDoListUITests;
			productReference = B5AC0F712A35FB5B00B1FE5A /* ToDoListUITests.xctest */;
			productType = "com.apple.product-type.bundle.ui-testing";
		};
/* End PBXNativeTarget section */

/* Begin PBXProject section */
		B5AC0F492A35FB5A00B1FE5A /* Project object */ = {
			isa = PBXProject;
			attributes = {
				BuildIndependentTargetsInParallel = 1;
				LastSwiftUpdateCheck = 1420;
				LastUpgradeCheck = 1420;
				TargetAttributes = {
					B5AC0F502A35FB5A00B1FE5A = {
						CreatedOnToolsVersion = 14.2;
					};
					B5AC0F662A35FB5B00B1FE5A = {
						CreatedOnToolsVersion = 14.2;
						TestTargetID = B5AC0F502A35FB5A00B1FE5A;
					};
					B5AC0F702A35FB5B00B1FE5A = {
						CreatedOnToolsVersion = 14.2;
						TestTargetID = B5AC0F502A35FB5A00B1FE5A;
					};
				};
			};
			buildConfigurationList = B5AC0F4C2A35FB5A00B1FE5A /* Build configuration list for PBXProject "ToDoList" */;
			compatibilityVersion = "Xcode 14.0";
			developmentRegion = en;
			hasScannedForEncodings = 0;
			knownRegions = (
				en,
				Base,
			);
			mainGroup = B5AC0F482A35FB5A00B1FE5A;
			packageReferences = (
				B5BC2CEC2A4F3AA500369129 /* XCRemoteSwiftPackageReference "CocoaLumberjack" */,
			);
			productRefGroup = B5AC0F522A35FB5A00B1FE5A /* Products */;
			projectDirPath = "";
			projectRoot = "";
			targets = (
				B5AC0F502A35FB5A00B1FE5A /* ToDoList */,
				B5AC0F662A35FB5B00B1FE5A /* ToDoListTests */,
				B5AC0F702A35FB5B00B1FE5A /* ToDoListUITests */,
			);
		};
/* End PBXProject section */

/* Begin PBXResourcesBuildPhase section */
		B5AC0F4F2A35FB5A00B1FE5A /* Resources */ = {
			isa = PBXResourcesBuildPhase;
			buildActionMask = 2147483647;
			files = (
				B5AC0F612A35FB5B00B1FE5A /* LaunchScreen.storyboard in Resources */,
				B5AC0F5E2A35FB5B00B1FE5A /* Assets.xcassets in Resources */,
			);
			runOnlyForDeploymentPostprocessing = 0;
		};
		B5AC0F652A35FB5B00B1FE5A /* Resources */ = {
			isa = PBXResourcesBuildPhase;
			buildActionMask = 2147483647;
			files = (
			);
			runOnlyForDeploymentPostprocessing = 0;
		};
		B5AC0F6F2A35FB5B00B1FE5A /* Resources */ = {
			isa = PBXResourcesBuildPhase;
			buildActionMask = 2147483647;
			files = (
			);
			runOnlyForDeploymentPostprocessing = 0;
		};
/* End PBXResourcesBuildPhase section */

/* Begin PBXShellScriptBuildPhase section */
		389894607FED22DC168BE2E3 /* [CP] Check Pods Manifest.lock */ = {
			isa = PBXShellScriptBuildPhase;
			buildActionMask = 2147483647;
			files = (
			);
			inputFileListPaths = (
			);
			inputPaths = (
				"${PODS_PODFILE_DIR_PATH}/Podfile.lock",
				"${PODS_ROOT}/Manifest.lock",
			);
			name = "[CP] Check Pods Manifest.lock";
			outputFileListPaths = (
			);
			outputPaths = (
				"$(DERIVED_FILE_DIR)/Pods-ToDoList-ToDoListUITests-checkManifestLockResult.txt",
			);
			runOnlyForDeploymentPostprocessing = 0;
			shellPath = /bin/sh;
			shellScript = "diff \"${PODS_PODFILE_DIR_PATH}/Podfile.lock\" \"${PODS_ROOT}/Manifest.lock\" > /dev/null\nif [ $? != 0 ] ; then\n    # print error to STDERR\n    echo \"error: The sandbox is not in sync with the Podfile.lock. Run 'pod install' or update your CocoaPods installation.\" >&2\n    exit 1\nfi\n# This output is used by Xcode 'outputs' to avoid re-running this script phase.\necho \"SUCCESS\" > \"${SCRIPT_OUTPUT_FILE_0}\"\n";
			showEnvVarsInLog = 0;
		};
		577FAE04504ABB9A78EA37DB /* [CP] Check Pods Manifest.lock */ = {
			isa = PBXShellScriptBuildPhase;
			buildActionMask = 2147483647;
			files = (
			);
			inputFileListPaths = (
			);
			inputPaths = (
				"${PODS_PODFILE_DIR_PATH}/Podfile.lock",
				"${PODS_ROOT}/Manifest.lock",
			);
			name = "[CP] Check Pods Manifest.lock";
			outputFileListPaths = (
			);
			outputPaths = (
				"$(DERIVED_FILE_DIR)/Pods-ToDoList-checkManifestLockResult.txt",
			);
			runOnlyForDeploymentPostprocessing = 0;
			shellPath = /bin/sh;
			shellScript = "diff \"${PODS_PODFILE_DIR_PATH}/Podfile.lock\" \"${PODS_ROOT}/Manifest.lock\" > /dev/null\nif [ $? != 0 ] ; then\n    # print error to STDERR\n    echo \"error: The sandbox is not in sync with the Podfile.lock. Run 'pod install' or update your CocoaPods installation.\" >&2\n    exit 1\nfi\n# This output is used by Xcode 'outputs' to avoid re-running this script phase.\necho \"SUCCESS\" > \"${SCRIPT_OUTPUT_FILE_0}\"\n";
			showEnvVarsInLog = 0;
		};
		9BF722B303698275968D6F75 /* [CP] Check Pods Manifest.lock */ = {
			isa = PBXShellScriptBuildPhase;
			buildActionMask = 2147483647;
			files = (
			);
			inputFileListPaths = (
			);
			inputPaths = (
				"${PODS_PODFILE_DIR_PATH}/Podfile.lock",
				"${PODS_ROOT}/Manifest.lock",
			);
			name = "[CP] Check Pods Manifest.lock";
			outputFileListPaths = (
			);
			outputPaths = (
				"$(DERIVED_FILE_DIR)/Pods-ToDoListTests-checkManifestLockResult.txt",
			);
			runOnlyForDeploymentPostprocessing = 0;
			shellPath = /bin/sh;
			shellScript = "diff \"${PODS_PODFILE_DIR_PATH}/Podfile.lock\" \"${PODS_ROOT}/Manifest.lock\" > /dev/null\nif [ $? != 0 ] ; then\n    # print error to STDERR\n    echo \"error: The sandbox is not in sync with the Podfile.lock. Run 'pod install' or update your CocoaPods installation.\" >&2\n    exit 1\nfi\n# This output is used by Xcode 'outputs' to avoid re-running this script phase.\necho \"SUCCESS\" > \"${SCRIPT_OUTPUT_FILE_0}\"\n";
			showEnvVarsInLog = 0;
		};
		B57B7A932A4F46BF00777D3B /* ShellScript */ = {
			isa = PBXShellScriptBuildPhase;
			alwaysOutOfDate = 1;
			buildActionMask = 2147483647;
			files = (
			);
			inputFileListPaths = (
			);
			inputPaths = (
			);
			outputFileListPaths = (
			);
			outputPaths = (
			);
			runOnlyForDeploymentPostprocessing = 0;
			shellPath = /bin/sh;
			shellScript = "
";
		};
		B98FE052D4D4ED85C2DAFD6D /* [CP] Embed Pods Frameworks */ = {
			isa = PBXShellScriptBuildPhase;
			buildActionMask = 2147483647;
			files = (
			);
			inputFileListPaths = (
				"${PODS_ROOT}/Target Support Files/Pods-ToDoList/Pods-ToDoList-frameworks-${CONFIGURATION}-input-files.xcfilelist",
			);
			name = "[CP] Embed Pods Frameworks";
			outputFileListPaths = (
				"${PODS_ROOT}/Target Support Files/Pods-ToDoList/Pods-ToDoList-frameworks-${CONFIGURATION}-output-files.xcfilelist",
			);
			runOnlyForDeploymentPostprocessing = 0;
			shellPath = /bin/sh;
			shellScript = "\"${PODS_ROOT}/Target Support Files/Pods-ToDoList/Pods-ToDoList-frameworks.sh\"\n";
			showEnvVarsInLog = 0;
		};
		C319D79437E1C92877B54D04 /* [CP] Embed Pods Frameworks */ = {
			isa = PBXShellScriptBuildPhase;
			buildActionMask = 2147483647;
			files = (
			);
			inputFileListPaths = (
				"${PODS_ROOT}/Target Support Files/Pods-ToDoList-ToDoListUITests/Pods-ToDoList-ToDoListUITests-frameworks-${CONFIGURATION}-input-files.xcfilelist",
			);
			name = "[CP] Embed Pods Frameworks";
			outputFileListPaths = (
				"${PODS_ROOT}/Target Support Files/Pods-ToDoList-ToDoListUITests/Pods-ToDoList-ToDoListUITests-frameworks-${CONFIGURATION}-output-files.xcfilelist",
			);
			runOnlyForDeploymentPostprocessing = 0;
			shellPath = /bin/sh;
			shellScript = "\"${PODS_ROOT}/Target Support Files/Pods-ToDoList-ToDoListUITests/Pods-ToDoList-ToDoListUITests-frameworks.sh\"\n";
			showEnvVarsInLog = 0;
		};
/* End PBXShellScriptBuildPhase section */

/* Begin PBXSourcesBuildPhase section */
		B5AC0F4D2A35FB5A00B1FE5A /* Sources */ = {
			isa = PBXSourcesBuildPhase;
			buildActionMask = 2147483647;
			files = (
				B5A937562A60A8C30055724C /* CoreDataContainer.swift in Sources */,
				B5AC0F592A35FB5A00B1FE5A /* DetailViewController.swift in Sources */,
				B58189AC2A42AB810047289F /* Extension+Int.swift in Sources */,
				B5DC31AD2A4E2B5A00FCF5F8 /* NewTableViewCell.swift in Sources */,
				B5A937682A616EC30055724C /* TodoItemEntity+CoreDataClass.swift in Sources */,
				B50CED4D2A582F1F00F12621 /* FileCaheModel.swift in Sources */,
				B5DC31B02A4EF4FE00FCF5F8 /* TodoItemViewModel.swift in Sources */,
				B5AC0F552A35FB5A00B1FE5A /* AppDelegate.swift in Sources */,
				B58189B92A4301850047289F /* Extension+Color.swift in Sources */,
				B5A9374D2A5F00040055724C /* FileCacheSQLite.swift in Sources */,
				B5AC0F872A35FBCF00B1FE5A /* TodoItem.swift in Sources */,
				B5A937692A616EC30055724C /* TodoItemEntity+CoreDataProperties.swift in Sources */,
				B57986132A4D6BD000FD742F /* AddNewItemView.swift in Sources */,
				B5A9374F2A5F035E0055724C /* FileCacheSQLiteService.swift in Sources */,
				B579860F2A4998A100FD742F /* TodoListViewController.swift in Sources */,
				B58189BF2A439BFC0047289F /* ConstantsText.swift in Sources */,
				B58189A52A42244E0047289F /* TextView.swift in Sources */,
				B53DDBB72A54B05800D9F615 /* Extension+URLSession.swift in Sources */,
				B58189B52A42B84D0047289F /* DeadlineView.swift in Sources */,
				B57986152A4D724E00FD742F /* HeaderForTodoListTableView.swift in Sources */,
				B5A9376B2A6170710055724C /* FileCacheCoreData.swift in Sources */,
				B561433A2A460D030041AE45 /* DividedLineView.swift in Sources */,
				B58189A82A423AA10047289F /* ImportanceView.swift in Sources */,
				B5A937522A60A07B0055724C /* TodoItemModel.xcdatamodeld in Sources */,
				B5A46F332A61FA2E0015BF11 /* FileCacheProtocol.swift in Sources */,
				B58189AE2A42ABAD0047289F /* Extension+Date.swift in Sources */,
				B58189BB2A4305EB0047289F /* Extension+Font.swift in Sources */,
				B53A737C2A4FB1DD00FC8EAF /* AnimationPresenter.swift in Sources */,
				B57986112A49BBCE00FD742F /* TodoListTableViewCell.swift in Sources */,
				B5AC0F572A35FB5A00B1FE5A /* SceneDelegate.swift in Sources */,
				B5DC31AA2A4E091A00FCF5F8 /* TodoListCellViewModel.swift in Sources */,
				B5604CC72A4DB0590068B3BD /* isDoneCircleControl.swift in Sources */,
			);
			runOnlyForDeploymentPostprocessing = 0;
		};
		B5AC0F632A35FB5B00B1FE5A /* Sources */ = {
			isa = PBXSourcesBuildPhase;
			buildActionMask = 2147483647;
			files = (
				B5AC0F6C2A35FB5B00B1FE5A /* ToDoListTests.swift in Sources */,
			);
			runOnlyForDeploymentPostprocessing = 0;
		};
		B5AC0F6D2A35FB5B00B1FE5A /* Sources */ = {
			isa = PBXSourcesBuildPhase;
			buildActionMask = 2147483647;
			files = (
				B5AC0F782A35FB5B00B1FE5A /* ToDoListUITestsLaunchTests.swift in Sources */,
				B5AC0F762A35FB5B00B1FE5A /* ToDoListUITests.swift in Sources */,
			);
			runOnlyForDeploymentPostprocessing = 0;
		};
/* End PBXSourcesBuildPhase section */

/* Begin PBXTargetDependency section */
		B5AC0F692A35FB5B00B1FE5A /* PBXTargetDependency */ = {
			isa = PBXTargetDependency;
			target = B5AC0F502A35FB5A00B1FE5A /* ToDoList */;
			targetProxy = B5AC0F682A35FB5B00B1FE5A /* PBXContainerItemProxy */;
		};
		B5AC0F732A35FB5B00B1FE5A /* PBXTargetDependency */ = {
			isa = PBXTargetDependency;
			target = B5AC0F502A35FB5A00B1FE5A /* ToDoList */;
			targetProxy = B5AC0F722A35FB5B00B1FE5A /* PBXContainerItemProxy */;
		};
/* End PBXTargetDependency section */

/* Begin PBXVariantGroup section */
		B5AC0F5F2A35FB5B00B1FE5A /* LaunchScreen.storyboard */ = {
			isa = PBXVariantGroup;
			children = (
				B5AC0F602A35FB5B00B1FE5A /* Base */,
			);
			name = LaunchScreen.storyboard;
			sourceTree = "<group>";
		};
/* End PBXVariantGroup section */

/* Begin XCBuildConfiguration section */
		B5AC0F792A35FB5B00B1FE5A /* Debug */ = {
			isa = XCBuildConfiguration;
			buildSettings = {
				ALWAYS_SEARCH_USER_PATHS = NO;
				CLANG_ANALYZER_NONNULL = YES;
				CLANG_ANALYZER_NUMBER_OBJECT_CONVERSION = YES_AGGRESSIVE;
				CLANG_CXX_LANGUAGE_STANDARD = "gnu++20";
				CLANG_ENABLE_MODULES = YES;
				CLANG_ENABLE_OBJC_ARC = YES;
				CLANG_ENABLE_OBJC_WEAK = YES;
				CLANG_WARN_BLOCK_CAPTURE_AUTORELEASING = YES;
				CLANG_WARN_BOOL_CONVERSION = YES;
				CLANG_WARN_COMMA = YES;
				CLANG_WARN_CONSTANT_CONVERSION = YES;
				CLANG_WARN_DEPRECATED_OBJC_IMPLEMENTATIONS = YES;
				CLANG_WARN_DIRECT_OBJC_ISA_USAGE = YES_ERROR;
				CLANG_WARN_DOCUMENTATION_COMMENTS = YES;
				CLANG_WARN_EMPTY_BODY = YES;
				CLANG_WARN_ENUM_CONVERSION = YES;
				CLANG_WARN_INFINITE_RECURSION = YES;
				CLANG_WARN_INT_CONVERSION = YES;
				CLANG_WARN_NON_LITERAL_NULL_CONVERSION = YES;
				CLANG_WARN_OBJC_IMPLICIT_RETAIN_SELF = YES;
				CLANG_WARN_OBJC_LITERAL_CONVERSION = YES;
				CLANG_WARN_OBJC_ROOT_CLASS = YES_ERROR;
				CLANG_WARN_QUOTED_INCLUDE_IN_FRAMEWORK_HEADER = YES;
				CLANG_WARN_RANGE_LOOP_ANALYSIS = YES;
				CLANG_WARN_STRICT_PROTOTYPES = YES;
				CLANG_WARN_SUSPICIOUS_MOVE = YES;
				CLANG_WARN_UNGUARDED_AVAILABILITY = YES_AGGRESSIVE;
				CLANG_WARN_UNREACHABLE_CODE = YES;
				CLANG_WARN__DUPLICATE_METHOD_MATCH = YES;
				COPY_PHASE_STRIP = NO;
				DEBUG_INFORMATION_FORMAT = dwarf;
				ENABLE_STRICT_OBJC_MSGSEND = YES;
				ENABLE_TESTABILITY = YES;
				GCC_C_LANGUAGE_STANDARD = gnu11;
				GCC_DYNAMIC_NO_PIC = NO;
				GCC_NO_COMMON_BLOCKS = YES;
				GCC_OPTIMIZATION_LEVEL = 0;
				GCC_PREPROCESSOR_DEFINITIONS = (
					"DEBUG=1",
					"$(inherited)",
				);
				GCC_WARN_64_TO_32_BIT_CONVERSION = YES;
				GCC_WARN_ABOUT_RETURN_TYPE = YES_ERROR;
				GCC_WARN_UNDECLARED_SELECTOR = YES;
				GCC_WARN_UNINITIALIZED_AUTOS = YES_AGGRESSIVE;
				GCC_WARN_UNUSED_FUNCTION = YES;
				GCC_WARN_UNUSED_VARIABLE = YES;
				IPHONEOS_DEPLOYMENT_TARGET = 16.2;
				MTL_ENABLE_DEBUG_INFO = INCLUDE_SOURCE;
				MTL_FAST_MATH = YES;
				ONLY_ACTIVE_ARCH = YES;
				SDKROOT = iphoneos;
				SWIFT_ACTIVE_COMPILATION_CONDITIONS = DEBUG;
				SWIFT_OPTIMIZATION_LEVEL = "-Onone";
			};
			name = Debug;
		};
		B5AC0F7A2A35FB5B00B1FE5A /* Release */ = {
			isa = XCBuildConfiguration;
			buildSettings = {
				ALWAYS_SEARCH_USER_PATHS = NO;
				CLANG_ANALYZER_NONNULL = YES;
				CLANG_ANALYZER_NUMBER_OBJECT_CONVERSION = YES_AGGRESSIVE;
				CLANG_CXX_LANGUAGE_STANDARD = "gnu++20";
				CLANG_ENABLE_MODULES = YES;
				CLANG_ENABLE_OBJC_ARC = YES;
				CLANG_ENABLE_OBJC_WEAK = YES;
				CLANG_WARN_BLOCK_CAPTURE_AUTORELEASING = YES;
				CLANG_WARN_BOOL_CONVERSION = YES;
				CLANG_WARN_COMMA = YES;
				CLANG_WARN_CONSTANT_CONVERSION = YES;
				CLANG_WARN_DEPRECATED_OBJC_IMPLEMENTATIONS = YES;
				CLANG_WARN_DIRECT_OBJC_ISA_USAGE = YES_ERROR;
				CLANG_WARN_DOCUMENTATION_COMMENTS = YES;
				CLANG_WARN_EMPTY_BODY = YES;
				CLANG_WARN_ENUM_CONVERSION = YES;
				CLANG_WARN_INFINITE_RECURSION = YES;
				CLANG_WARN_INT_CONVERSION = YES;
				CLANG_WARN_NON_LITERAL_NULL_CONVERSION = YES;
				CLANG_WARN_OBJC_IMPLICIT_RETAIN_SELF = YES;
				CLANG_WARN_OBJC_LITERAL_CONVERSION = YES;
				CLANG_WARN_OBJC_ROOT_CLASS = YES_ERROR;
				CLANG_WARN_QUOTED_INCLUDE_IN_FRAMEWORK_HEADER = YES;
				CLANG_WARN_RANGE_LOOP_ANALYSIS = YES;
				CLANG_WARN_STRICT_PROTOTYPES = YES;
				CLANG_WARN_SUSPICIOUS_MOVE = YES;
				CLANG_WARN_UNGUARDED_AVAILABILITY = YES_AGGRESSIVE;
				CLANG_WARN_UNREACHABLE_CODE = YES;
				CLANG_WARN__DUPLICATE_METHOD_MATCH = YES;
				COPY_PHASE_STRIP = NO;
				DEBUG_INFORMATION_FORMAT = "dwarf-with-dsym";
				ENABLE_NS_ASSERTIONS = NO;
				ENABLE_STRICT_OBJC_MSGSEND = YES;
				GCC_C_LANGUAGE_STANDARD = gnu11;
				GCC_NO_COMMON_BLOCKS = YES;
				GCC_WARN_64_TO_32_BIT_CONVERSION = YES;
				GCC_WARN_ABOUT_RETURN_TYPE = YES_ERROR;
				GCC_WARN_UNDECLARED_SELECTOR = YES;
				GCC_WARN_UNINITIALIZED_AUTOS = YES_AGGRESSIVE;
				GCC_WARN_UNUSED_FUNCTION = YES;
				GCC_WARN_UNUSED_VARIABLE = YES;
				IPHONEOS_DEPLOYMENT_TARGET = 16.2;
				MTL_ENABLE_DEBUG_INFO = NO;
				MTL_FAST_MATH = YES;
				SDKROOT = iphoneos;
				SWIFT_COMPILATION_MODE = wholemodule;
				SWIFT_OPTIMIZATION_LEVEL = "-O";
				VALIDATE_PRODUCT = YES;
			};
			name = Release;
		};
		B5AC0F7C2A35FB5B00B1FE5A /* Debug */ = {
			isa = XCBuildConfiguration;
			baseConfigurationReference = 17E44369BE41DE15B7F9841A /* Pods-ToDoList.debug.xcconfig */;
			buildSettings = {
				ASSETCATALOG_COMPILER_APPICON_NAME = AppIcon;
				ASSETCATALOG_COMPILER_GLOBAL_ACCENT_COLOR_NAME = AccentColor;
				CODE_SIGN_STYLE = Automatic;
				CURRENT_PROJECT_VERSION = 1;
				GENERATE_INFOPLIST_FILE = YES;
				INFOPLIST_FILE = ToDoList/Info.plist;
				INFOPLIST_KEY_UIApplicationSupportsIndirectInputEvents = YES;
				INFOPLIST_KEY_UILaunchStoryboardName = LaunchScreen;
				INFOPLIST_KEY_UISupportedInterfaceOrientations_iPad = "UIInterfaceOrientationPortrait UIInterfaceOrientationPortraitUpsideDown UIInterfaceOrientationLandscapeLeft UIInterfaceOrientationLandscapeRight";
				INFOPLIST_KEY_UISupportedInterfaceOrientations_iPhone = "UIInterfaceOrientationPortrait UIInterfaceOrientationLandscapeLeft UIInterfaceOrientationLandscapeRight";
				IPHONEOS_DEPLOYMENT_TARGET = 15.0;
				LD_RUNPATH_SEARCH_PATHS = (
					"$(inherited)",
					"@executable_path/Frameworks",
				);
				MARKETING_VERSION = 1.0;
				PRODUCT_BUNDLE_IDENTIFIER = "-.ToDoList";
				PRODUCT_NAME = "$(TARGET_NAME)";
				SUPPORTED_PLATFORMS = "iphoneos iphonesimulator";
				SUPPORTS_MACCATALYST = NO;
				SUPPORTS_MAC_DESIGNED_FOR_IPHONE_IPAD = NO;
				SWIFT_EMIT_LOC_STRINGS = YES;
				SWIFT_STRICT_CONCURRENCY = minimal;
				SWIFT_VERSION = 5.0;
				TARGETED_DEVICE_FAMILY = 1;
			};
			name = Debug;
		};
		B5AC0F7D2A35FB5B00B1FE5A /* Release */ = {
			isa = XCBuildConfiguration;
			baseConfigurationReference = 0F4FFB3AED49CA609C78BABE /* Pods-ToDoList.release.xcconfig */;
			buildSettings = {
				ASSETCATALOG_COMPILER_APPICON_NAME = AppIcon;
				ASSETCATALOG_COMPILER_GLOBAL_ACCENT_COLOR_NAME = AccentColor;
				CODE_SIGN_STYLE = Automatic;
				CURRENT_PROJECT_VERSION = 1;
				GENERATE_INFOPLIST_FILE = YES;
				INFOPLIST_FILE = ToDoList/Info.plist;
				INFOPLIST_KEY_UIApplicationSupportsIndirectInputEvents = YES;
				INFOPLIST_KEY_UILaunchStoryboardName = LaunchScreen;
				INFOPLIST_KEY_UISupportedInterfaceOrientations_iPad = "UIInterfaceOrientationPortrait UIInterfaceOrientationPortraitUpsideDown UIInterfaceOrientationLandscapeLeft UIInterfaceOrientationLandscapeRight";
				INFOPLIST_KEY_UISupportedInterfaceOrientations_iPhone = "UIInterfaceOrientationPortrait UIInterfaceOrientationLandscapeLeft UIInterfaceOrientationLandscapeRight";
				IPHONEOS_DEPLOYMENT_TARGET = 15.0;
				LD_RUNPATH_SEARCH_PATHS = (
					"$(inherited)",
					"@executable_path/Frameworks",
				);
				MARKETING_VERSION = 1.0;
				PRODUCT_BUNDLE_IDENTIFIER = "-.ToDoList";
				PRODUCT_NAME = "$(TARGET_NAME)";
				SUPPORTED_PLATFORMS = "iphoneos iphonesimulator";
				SUPPORTS_MACCATALYST = NO;
				SUPPORTS_MAC_DESIGNED_FOR_IPHONE_IPAD = NO;
				SWIFT_EMIT_LOC_STRINGS = YES;
				SWIFT_STRICT_CONCURRENCY = minimal;
				SWIFT_VERSION = 5.0;
				TARGETED_DEVICE_FAMILY = 1;
			};
			name = Release;
		};
		B5AC0F7F2A35FB5B00B1FE5A /* Debug */ = {
			isa = XCBuildConfiguration;
			baseConfigurationReference = 38BF8B8259B9E333C0561F1D /* Pods-ToDoListTests.debug.xcconfig */;
			buildSettings = {
				ALWAYS_EMBED_SWIFT_STANDARD_LIBRARIES = YES;
				BUNDLE_LOADER = "$(TEST_HOST)";
				CODE_SIGN_STYLE = Automatic;
				CURRENT_PROJECT_VERSION = 1;
				GENERATE_INFOPLIST_FILE = YES;
				IPHONEOS_DEPLOYMENT_TARGET = 16.2;
				MARKETING_VERSION = 1.0;
				PRODUCT_BUNDLE_IDENTIFIER = "-.ToDoListTests";
				PRODUCT_NAME = "$(TARGET_NAME)";
				SWIFT_EMIT_LOC_STRINGS = NO;
				SWIFT_VERSION = 5.0;
				TARGETED_DEVICE_FAMILY = "1,2";
				TEST_HOST = "$(BUILT_PRODUCTS_DIR)/ToDoList.app/$(BUNDLE_EXECUTABLE_FOLDER_PATH)/ToDoList";
			};
			name = Debug;
		};
		B5AC0F802A35FB5B00B1FE5A /* Release */ = {
			isa = XCBuildConfiguration;
			baseConfigurationReference = 8CD3A1B3F7BEAC2C5DDCBE98 /* Pods-ToDoListTests.release.xcconfig */;
			buildSettings = {
				ALWAYS_EMBED_SWIFT_STANDARD_LIBRARIES = YES;
				BUNDLE_LOADER = "$(TEST_HOST)";
				CODE_SIGN_STYLE = Automatic;
				CURRENT_PROJECT_VERSION = 1;
				GENERATE_INFOPLIST_FILE = YES;
				IPHONEOS_DEPLOYMENT_TARGET = 16.2;
				MARKETING_VERSION = 1.0;
				PRODUCT_BUNDLE_IDENTIFIER = "-.ToDoListTests";
				PRODUCT_NAME = "$(TARGET_NAME)";
				SWIFT_EMIT_LOC_STRINGS = NO;
				SWIFT_VERSION = 5.0;
				TARGETED_DEVICE_FAMILY = "1,2";
				TEST_HOST = "$(BUILT_PRODUCTS_DIR)/ToDoList.app/$(BUNDLE_EXECUTABLE_FOLDER_PATH)/ToDoList";
			};
			name = Release;
		};
		B5AC0F822A35FB5B00B1FE5A /* Debug */ = {
			isa = XCBuildConfiguration;
			baseConfigurationReference = ADDF1502E34F37EABCDED9AD /* Pods-ToDoList-ToDoListUITests.debug.xcconfig */;
			buildSettings = {
				ALWAYS_EMBED_SWIFT_STANDARD_LIBRARIES = YES;
				CODE_SIGN_STYLE = Automatic;
				CURRENT_PROJECT_VERSION = 1;
				GENERATE_INFOPLIST_FILE = YES;
				MARKETING_VERSION = 1.0;
				PRODUCT_BUNDLE_IDENTIFIER = "-.ToDoListUITests";
				PRODUCT_NAME = "$(TARGET_NAME)";
				SWIFT_EMIT_LOC_STRINGS = NO;
				SWIFT_VERSION = 5.0;
				TARGETED_DEVICE_FAMILY = "1,2";
				TEST_TARGET_NAME = ToDoList;
			};
			name = Debug;
		};
		B5AC0F832A35FB5B00B1FE5A /* Release */ = {
			isa = XCBuildConfiguration;
			baseConfigurationReference = 55AD431FA25387F1165CC658 /* Pods-ToDoList-ToDoListUITests.release.xcconfig */;
			buildSettings = {
				ALWAYS_EMBED_SWIFT_STANDARD_LIBRARIES = YES;
				CODE_SIGN_STYLE = Automatic;
				CURRENT_PROJECT_VERSION = 1;
				GENERATE_INFOPLIST_FILE = YES;
				MARKETING_VERSION = 1.0;
				PRODUCT_BUNDLE_IDENTIFIER = "-.ToDoListUITests";
				PRODUCT_NAME = "$(TARGET_NAME)";
				SWIFT_EMIT_LOC_STRINGS = NO;
				SWIFT_VERSION = 5.0;
				TARGETED_DEVICE_FAMILY = "1,2";
				TEST_TARGET_NAME = ToDoList;
			};
			name = Release;
		};
/* End XCBuildConfiguration section */

/* Begin XCConfigurationList section */
		B5AC0F4C2A35FB5A00B1FE5A /* Build configuration list for PBXProject "ToDoList" */ = {
			isa = XCConfigurationList;
			buildConfigurations = (
				B5AC0F792A35FB5B00B1FE5A /* Debug */,
				B5AC0F7A2A35FB5B00B1FE5A /* Release */,
			);
			defaultConfigurationIsVisible = 0;
			defaultConfigurationName = Release;
		};
		B5AC0F7B2A35FB5B00B1FE5A /* Build configuration list for PBXNativeTarget "ToDoList" */ = {
			isa = XCConfigurationList;
			buildConfigurations = (
				B5AC0F7C2A35FB5B00B1FE5A /* Debug */,
				B5AC0F7D2A35FB5B00B1FE5A /* Release */,
			);
			defaultConfigurationIsVisible = 0;
			defaultConfigurationName = Release;
		};
		B5AC0F7E2A35FB5B00B1FE5A /* Build configuration list for PBXNativeTarget "ToDoListTests" */ = {
			isa = XCConfigurationList;
			buildConfigurations = (
				B5AC0F7F2A35FB5B00B1FE5A /* Debug */,
				B5AC0F802A35FB5B00B1FE5A /* Release */,
			);
			defaultConfigurationIsVisible = 0;
			defaultConfigurationName = Release;
		};
		B5AC0F812A35FB5B00B1FE5A /* Build configuration list for PBXNativeTarget "ToDoListUITests" */ = {
			isa = XCConfigurationList;
			buildConfigurations = (
				B5AC0F822A35FB5B00B1FE5A /* Debug */,
				B5AC0F832A35FB5B00B1FE5A /* Release */,
			);
			defaultConfigurationIsVisible = 0;
			defaultConfigurationName = Release;
		};
/* End XCConfigurationList section */

/* Begin XCRemoteSwiftPackageReference section */
		B5BC2CEC2A4F3AA500369129 /* XCRemoteSwiftPackageReference "CocoaLumberjack" */ = {
			isa = XCRemoteSwiftPackageReference;
			repositoryURL = "https://github.com/CocoaLumberjack/CocoaLumberjack";
			requirement = {
				kind = upToNextMajorVersion;
				minimumVersion = 3.0.0;
			};
		};
/* End XCRemoteSwiftPackageReference section */

/* Begin XCSwiftPackageProductDependency section */
		B57B7A9A2A4F591600777D3B /* FileCache */ = {
			isa = XCSwiftPackageProductDependency;
			productName = FileCache;
		};
		B5BC2CED2A4F3AA600369129 /* CocoaLumberjack */ = {
			isa = XCSwiftPackageProductDependency;
			package = B5BC2CEC2A4F3AA500369129 /* XCRemoteSwiftPackageReference "CocoaLumberjack" */;
			productName = CocoaLumberjack;
		};
		B5BC2CEF2A4F3AA600369129 /* CocoaLumberjackSwift */ = {
			isa = XCSwiftPackageProductDependency;
			package = B5BC2CEC2A4F3AA500369129 /* XCRemoteSwiftPackageReference "CocoaLumberjack" */;
			productName = CocoaLumberjackSwift;
		};
/* End XCSwiftPackageProductDependency section */

/* Begin XCVersionGroup section */
		B5A937502A60A07B0055724C /* TodoItemModel.xcdatamodeld */ = {
			isa = XCVersionGroup;
			children = (
				B5A937512A60A07B0055724C /* TodoItemModel.xcdatamodel */,
			);
			currentVersion = B5A937512A60A07B0055724C /* TodoItemModel.xcdatamodel */;
			path = TodoItemModel.xcdatamodeld;
			sourceTree = "<group>";
			versionGroupType = wrapper.xcdatamodel;
		};
/* End XCVersionGroup section */
	};
	rootObject = B5AC0F492A35FB5A00B1FE5A /* Project object */;
}
